
Microsoft Visual Studio Solution File, Format Version 12.00
# Visual Studio Version 16
VisualStudioVersion = 25.0.1700.3
MinimumVisualStudioVersion = 10.0.40219.1
Project("{FAE04EC0-301F-11D3-BF4B-00C04F79EFBC}") = "exemplo1AulaHerancaPolimorfismo", "exemplo1AulaHerancaPolimorfismo\exemplo1AulaHerancaPolimorfismo.csproj", "{1B11B5F2-851E-4398-A7AD-DC86971AB6F3}"
EndProject
Global
	GlobalSection(SolutionConfigurationPlatforms) = preSolution
		Debug|Any CPU = Debug|Any CPU
		Release|Any CPU = Release|Any CPU
	EndGlobalSection
	GlobalSection(ProjectConfigurationPlatforms) = postSolution
		{1B11B5F2-851E-4398-A7AD-DC86971AB6F3}.Debug|Any CPU.ActiveCfg = Debug|Any CPU
		{1B11B5F2-851E-4398-A7AD-DC86971AB6F3}.Debug|Any CPU.Build.0 = Debug|Any CPU
		{1B11B5F2-851E-4398-A7AD-DC86971AB6F3}.Release|Any CPU.ActiveCfg = Release|Any CPU
		{1B11B5F2-851E-4398-A7AD-DC86971AB6F3}.Release|Any CPU.Build.0 = Release|Any CPU
	EndGlobalSection
	GlobalSection(SolutionProperties) = preSolution
		HideSolutionNode = FALSE
	EndGlobalSection
	GlobalSection(ExtensibilityGlobals) = postSolution
		SolutionGuid = {FB4BC2AE-53E6-4E64-B478-F27D36D9EE4A}
	EndGlobalSection
EndGlobal
